
Microsoft Visual Studio Solution File, Format Version 12.00
# Visual Studio Version 17
VisualStudioVersion = 17.1.32407.343
MinimumVisualStudioVersion = 10.0.40219.1
Project("{9A19103F-16F7-4668-BE54-9A1E7A4F7556}") = "TillApp.Server", "TillApp\Server\TillApp.Server.csproj", "{5FDEB57B-4F10-4CF7-974A-46DCEA362AFF}"
EndProject
Project("{9A19103F-16F7-4668-BE54-9A1E7A4F7556}") = "TillApp.Client", "TillApp\Client\TillApp.Client.csproj", "{BCB79CED-A191-44F7-A659-0C2924FCA6CA}"
EndProject
Project("{9A19103F-16F7-4668-BE54-9A1E7A4F7556}") = "TillApp.Shared", "TillApp\Shared\TillApp.Shared.csproj", "{AD2BC1E3-F1C1-4161-88CD-6A9AF58CBC13}"
EndProject
Global
	GlobalSection(SolutionConfigurationPlatforms) = preSolution
		Debug|Any CPU = Debug|Any CPU
		Release|Any CPU = Release|Any CPU
	EndGlobalSection
	GlobalSection(ProjectConfigurationPlatforms) = postSolution
		{5FDEB57B-4F10-4CF7-974A-46DCEA362AFF}.Debug|Any CPU.ActiveCfg = Debug|Any CPU
		{5FDEB57B-4F10-4CF7-974A-46DCEA362AFF}.Debug|Any CPU.Build.0 = Debug|Any CPU
		{5FDEB57B-4F10-4CF7-974A-46DCEA362AFF}.Release|Any CPU.ActiveCfg = Release|Any CPU
		{5FDEB57B-4F10-4CF7-974A-46DCEA362AFF}.Release|Any CPU.Build.0 = Release|Any CPU
		{BCB79CED-A191-44F7-A659-0C2924FCA6CA}.Debug|Any CPU.ActiveCfg = Debug|Any CPU
		{BCB79CED-A191-44F7-A659-0C2924FCA6CA}.Debug|Any CPU.Build.0 = Debug|Any CPU
		{BCB79CED-A191-44F7-A659-0C2924FCA6CA}.Release|Any CPU.ActiveCfg = Release|Any CPU
		{BCB79CED-A191-44F7-A659-0C2924FCA6CA}.Release|Any CPU.Build.0 = Release|Any CPU
		{AD2BC1E3-F1C1-4161-88CD-6A9AF58CBC13}.Debug|Any CPU.ActiveCfg = Debug|Any CPU
		{AD2BC1E3-F1C1-4161-88CD-6A9AF58CBC13}.Debug|Any CPU.Build.0 = Debug|Any CPU
		{AD2BC1E3-F1C1-4161-88CD-6A9AF58CBC13}.Release|Any CPU.ActiveCfg = Release|Any CPU
		{AD2BC1E3-F1C1-4161-88CD-6A9AF58CBC13}.Release|Any CPU.Build.0 = Release|Any CPU
	EndGlobalSection
	GlobalSection(SolutionProperties) = preSolution
		HideSolutionNode = FALSE
	EndGlobalSection
	GlobalSection(ExtensibilityGlobals) = postSolution
		SolutionGuid = {7B016E90-AB06-4C6F-B290-278D32D600D9}
	EndGlobalSection
EndGlobal
